
Microsoft Visual Studio Solution File, Format Version 12.00
# Visual Studio Version 17
VisualStudioVersion = 17.14.36705.20
MinimumVisualStudioVersion = 10.0.40219.1
Project("{FAE04EC0-301F-11D3-BF4B-00C04F79EFBC}") = "Capa_Precentacion", "Capa_Precentacion\Capa_Precentacion.csproj", "{EE9770D7-3EA1-4362-AAE1-A9D7196686F0}"
EndProject
Global
	GlobalSection(SolutionConfigurationPlatforms) = preSolution
		Debug|Any CPU = Debug|Any CPU
		Release|Any CPU = Release|Any CPU
	EndGlobalSection
	GlobalSection(ProjectConfigurationPlatforms) = postSolution
		{EE9770D7-3EA1-4362-AAE1-A9D7196686F0}.Debug|Any CPU.ActiveCfg = Debug|Any CPU
		{EE9770D7-3EA1-4362-AAE1-A9D7196686F0}.Debug|Any CPU.Build.0 = Debug|Any CPU
		{EE9770D7-3EA1-4362-AAE1-A9D7196686F0}.Release|Any CPU.ActiveCfg = Release|Any CPU
		{EE9770D7-3EA1-4362-AAE1-A9D7196686F0}.Release|Any CPU.Build.0 = Release|Any CPU
	EndGlobalSection
	GlobalSection(SolutionProperties) = preSolution
		HideSolutionNode = FALSE
	EndGlobalSection
	GlobalSection(ExtensibilityGlobals) = postSolution
		SolutionGuid = {F395D3B0-23CD-43A3-A388-0080DA435531}
	EndGlobalSection
EndGlobal
